{
	"name": "transactions-signer",
	"version": "1.0.0",
	"lockfileVersion": 1,
	"requires": true,
	"dependencies": {
		"chai-shallow-deep-equal": {
			"version": "1.4.6",
			"resolved": "https://registry.npmjs.org/chai-shallow-deep-equal/-/chai-shallow-deep-equal-1.4.6.tgz",
			"integrity": "sha1-QYS1oTOTra40ts7wxptazILE2DQ=",
			"dev": true
		}
	}
}
